// !$*UTF8*$!
{
	archiveVersion = 1;
	classes = {
	};
	objectVersion = 46;
	objects = {

/* Begin PBXBuildFile section */
		250EEB731A3D1CE60032BBE2 /* AppDelegate.swift in Sources */ = {isa = PBXBuildFile; fileRef = 250EEB721A3D1CE60032BBE2 /* AppDelegate.swift */; };
		250EEB751A3D1CE60032BBE2 /* ViewController.swift in Sources */ = {isa = PBXBuildFile; fileRef = 250EEB741A3D1CE60032BBE2 /* ViewController.swift */; };
		250EEB781A3D1CE60032BBE2 /* Main.storyboard in Resources */ = {isa = PBXBuildFile; fileRef = 250EEB761A3D1CE60032BBE2 /* Main.storyboard */; };
		250EEB7A1A3D1CE60032BBE2 /* Images.xcassets in Resources */ = {isa = PBXBuildFile; fileRef = 250EEB791A3D1CE60032BBE2 /* Images.xcassets */; };
		250EEB7D1A3D1CE60032BBE2 /* LaunchScreen.xib in Resources */ = {isa = PBXBuildFile; fileRef = 250EEB7B1A3D1CE60032BBE2 /* LaunchScreen.xib */; };
		250EEB891A3D1CE60032BBE2 /* ActivityViewControllerTests.swift in Sources */ = {isa = PBXBuildFile; fileRef = 250EEB881A3D1CE60032BBE2 /* ActivityViewControllerTests.swift */; };
		250EEB931A3D1EF10032BBE2 /* Embed.swift in Sources */ = {isa = PBXBuildFile; fileRef = 250EEB921A3D1EF10032BBE2 /* Embed.swift */; };
		250EEB951A3D21E80032BBE2 /* Flappy Doge.png in Resources */ = {isa = PBXBuildFile; fileRef = 250EEB941A3D21E80032BBE2 /* Flappy Doge.png */; };
/* End PBXBuildFile section */

/* Begin PBXContainerItemProxy section */
		250EEB831A3D1CE60032BBE2 /* PBXContainerItemProxy */ = {
			isa = PBXContainerItemProxy;
			containerPortal = 250EEB651A3D1CE50032BBE2 /* Project object */;
			proxyType = 1;
			remoteGlobalIDString = 250EEB6C1A3D1CE60032BBE2;
			remoteInfo = ActivityViewController;
		};
/* End PBXContainerItemProxy section */

/* Begin PBXFileReference section */
		250EEB6D1A3D1CE60032BBE2 /* ActivityViewController.app */ = {isa = PBXFileReference; explicitFileType = wrapper.application; includeInIndex = 0; path = ActivityViewController.app; sourceTree = BUILT_PRODUCTS_DIR; };
		250EEB711A3D1CE60032BBE2 /* Info.plist */ = {isa = PBXFileReference; lastKnownFileType = text.plist.xml; path = Info.plist; sourceTree = "<group>"; };
		250EEB721A3D1CE60032BBE2 /* AppDelegate.swift */ = {isa = PBXFileReference; lastKnownFileType = sourcecode.swift; path = AppDelegate.swift; sourceTree = "<group>"; };
		250EEB741A3D1CE60032BBE2 /* ViewController.swift */ = {isa = PBXFileReference; lastKnownFileType = sourcecode.swift; path = ViewController.swift; sourceTree = "<group>"; };
		250EEB771A3D1CE60032BBE2 /* Base */ = {isa = PBXFileReference; lastKnownFileType = file.storyboard; name = Base; path = Base.lproj/Main.storyboard; sourceTree = "<group>"; };
		250EEB791A3D1CE60032BBE2 /* Images.xcassets */ = {isa = PBXFileReference; lastKnownFileType = folder.assetcatalog; path = Images.xcassets; sourceTree = "<group>"; };
		250EEB7C1A3D1CE60032BBE2 /* Base */ = {isa = PBXFileReference; lastKnownFileType = file.xib; name = Base; path = Base.lproj/LaunchScreen.xib; sourceTree = "<group>"; };
		250EEB821A3D1CE60032BBE2 /* ActivityViewControllerTests.xctest */ = {isa = PBXFileReference; explicitFileType = wrapper.cfbundle; includeInIndex = 0; path = ActivityViewControllerTests.xctest; sourceTree = BUILT_PRODUCTS_DIR; };
		250EEB871A3D1CE60032BBE2 /* Info.plist */ = {isa = PBXFileReference; lastKnownFileType = text.plist.xml; path = Info.plist; sourceTree = "<group>"; };
		250EEB881A3D1CE60032BBE2 /* ActivityViewControllerTests.swift */ = {isa = PBXFileReference; lastKnownFileType = sourcecode.swift; path = ActivityViewControllerTests.swift; sourceTree = "<group>"; };
		250EEB921A3D1EF10032BBE2 /* Embed.swift */ = {isa = PBXFileReference; fileEncoding = 4; lastKnownFileType = sourcecode.swift; path = Embed.swift; sourceTree = "<group>"; };
		250EEB941A3D21E80032BBE2 /* Flappy Doge.png */ = {isa = PBXFileReference; lastKnownFileType = image.png; path = "Flappy Doge.png"; sourceTree = "<group>"; };
/* End PBXFileReference section */

/* Begin PBXFrameworksBuildPhase section */
		250EEB6A1A3D1CE60032BBE2 /* Frameworks */ = {
			isa = PBXFrameworksBuildPhase;
			buildActionMask = 2147483647;
			files = (
			);
			runOnlyForDeploymentPostprocessing = 0;
		};
		250EEB7F1A3D1CE60032BBE2 /* Frameworks */ = {
			isa = PBXFrameworksBuildPhase;
			buildActionMask = 2147483647;
			files = (
			);
			runOnlyForDeploymentPostprocessing = 0;
		};
/* End PBXFrameworksBuildPhase section */

/* Begin PBXGroup section */
		250EEB641A3D1CE50032BBE2 = {
			isa = PBXGroup;
			children = (
				250EEB6F1A3D1CE60032BBE2 /* ActivityViewController */,
				250EEB851A3D1CE60032BBE2 /* ActivityViewControllerTests */,
				250EEB6E1A3D1CE60032BBE2 /* Products */,
			);
			sourceTree = "<group>";
		};
		250EEB6E1A3D1CE60032BBE2 /* Products */ = {
			isa = PBXGroup;
			children = (
				250EEB6D1A3D1CE60032BBE2 /* ActivityViewController.app */,
				250EEB821A3D1CE60032BBE2 /* ActivityViewControllerTests.xctest */,
			);
			name = Products;
			sourceTree = "<group>";
		};
		250EEB6F1A3D1CE60032BBE2 /* ActivityViewController */ = {
			isa = PBXGroup;
			children = (
				250EEB721A3D1CE60032BBE2 /* AppDelegate.swift */,
				250EEB741A3D1CE60032BBE2 /* ViewController.swift */,
				250EEB921A3D1EF10032BBE2 /* Embed.swift */,
				250EEB761A3D1CE60032BBE2 /* Main.storyboard */,
				250EEB791A3D1CE60032BBE2 /* Images.xcassets */,
				250EEB7B1A3D1CE60032BBE2 /* LaunchScreen.xib */,
				250EEB941A3D21E80032BBE2 /* Flappy Doge.png */,
				250EEB701A3D1CE60032BBE2 /* Supporting Files */,
			);
			path = ActivityViewController;
			sourceTree = "<group>";
		};
		250EEB701A3D1CE60032BBE2 /* Supporting Files */ = {
			isa = PBXGroup;
			children = (
				250EEB711A3D1CE60032BBE2 /* Info.plist */,
			);
			name = "Supporting Files";
			sourceTree = "<group>";
		};
		250EEB851A3D1CE60032BBE2 /* ActivityViewControllerTests */ = {
			isa = PBXGroup;
			children = (
				250EEB881A3D1CE60032BBE2 /* ActivityViewControllerTests.swift */,
				250EEB861A3D1CE60032BBE2 /* Supporting Files */,
			);
			path = ActivityViewControllerTests;
			sourceTree = "<group>";
		};
		250EEB861A3D1CE60032BBE2 /* Supporting Files */ = {
			isa = PBXGroup;
			children = (
				250EEB871A3D1CE60032BBE2 /* Info.plist */,
			);
			name = "Supporting Files";
			sourceTree = "<group>";
		};
/* End PBXGroup section */

/* Begin PBXNativeTarget section */
		250EEB6C1A3D1CE60032BBE2 /* ActivityViewController */ = {
			isa = PBXNativeTarget;
			buildConfigurationList = 250EEB8C1A3D1CE60032BBE2 /* Build configuration list for PBXNativeTarget "ActivityViewController" */;
			buildPhases = (
				250EEB691A3D1CE60032BBE2 /* Sources */,
				250EEB6A1A3D1CE60032BBE2 /* Frameworks */,
				250EEB6B1A3D1CE60032BBE2 /* Resources */,
			);
			buildRules = (
			);
			dependencies = (
			);
			name = ActivityViewController;
			productName = ActivityViewController;
			productReference = 250EEB6D1A3D1CE60032BBE2 /* ActivityViewController.app */;
			productType = "com.apple.product-type.application";
		};
		250EEB811A3D1CE60032BBE2 /* ActivityViewControllerTests */ = {
			isa = PBXNativeTarget;
			buildConfigurationList = 250EEB8F1A3D1CE60032BBE2 /* Build configuration list for PBXNativeTarget "ActivityViewControllerTests" */;
			buildPhases = (
				250EEB7E1A3D1CE60032BBE2 /* Sources */,
				250EEB7F1A3D1CE60032BBE2 /* Frameworks */,
				250EEB801A3D1CE60032BBE2 /* Resources */,
			);
			buildRules = (
			);
			dependencies = (
				250EEB841A3D1CE60032BBE2 /* PBXTargetDependency */,
			);
			name = ActivityViewControllerTests;
			productName = ActivityViewControllerTests;
			productReference = 250EEB821A3D1CE60032BBE2 /* ActivityViewControllerTests.xctest */;
			productType = "com.apple.product-type.bundle.unit-test";
		};
/* End PBXNativeTarget section */

/* Begin PBXProject section */
		250EEB651A3D1CE50032BBE2 /* Project object */ = {
			isa = PBXProject;
			attributes = {
				LastUpgradeCheck = 0610;
				ORGANIZATIONNAME = "Jeff Gayle";
				TargetAttributes = {
					250EEB6C1A3D1CE60032BBE2 = {
						CreatedOnToolsVersion = 6.1.1;
					};
					250EEB811A3D1CE60032BBE2 = {
						CreatedOnToolsVersion = 6.1.1;
						TestTargetID = 250EEB6C1A3D1CE60032BBE2;
					};
				};
			};
			buildConfigurationList = 250EEB681A3D1CE50032BBE2 /* Build configuration list for PBXProject "ActivityViewController" */;
			compatibilityVersion = "Xcode 3.2";
			developmentRegion = English;
			hasScannedForEncodings = 0;
			knownRegions = (
				en,
				Base,
			);
			mainGroup = 250EEB641A3D1CE50032BBE2;
			productRefGroup = 250EEB6E1A3D1CE60032BBE2 /* Products */;
			projectDirPath = "";
			projectRoot = "";
			targets = (
				250EEB6C1A3D1CE60032BBE2 /* ActivityViewController */,
				250EEB811A3D1CE60032BBE2 /* ActivityViewControllerTests */,
			);
		};
/* End PBXProject section */

/* Begin PBXResourcesBuildPhase section */
		250EEB6B1A3D1CE60032BBE2 /* Resources */ = {
			isa = PBXResourcesBuildPhase;
			buildActionMask = 2147483647;
			files = (
				250EEB781A3D1CE60032BBE2 /* Main.storyboard in Resources */,
				250EEB951A3D21E80032BBE2 /* Flappy Doge.png in Resources */,
				250EEB7D1A3D1CE60032BBE2 /* LaunchScreen.xib in Resources */,
				250EEB7A1A3D1CE60032BBE2 /* Images.xcassets in Resources */,
			);
			runOnlyForDeploymentPostprocessing = 0;
		};
		250EEB801A3D1CE60032BBE2 /* Resources */ = {
			isa = PBXResourcesBuildPhase;
			buildActionMask = 2147483647;
			files = (
			);
			runOnlyForDeploymentPostprocessing = 0;
		};
/* End PBXResourcesBuildPhase section */

/* Begin PBXSourcesBuildPhase section */
		250EEB691A3D1CE60032BBE2 /* Sources */ = {
			isa = PBXSourcesBuildPhase;
			buildActionMask = 2147483647;
			files = (
				250EEB931A3D1EF10032BBE2 /* Embed.swift in Sources */,
				250EEB751A3D1CE60032BBE2 /* ViewController.swift in Sources */,
				250EEB731A3D1CE60032BBE2 /* AppDelegate.swift in Sources */,
			);
			runOnlyForDeploymentPostprocessing = 0;
		};
		250EEB7E1A3D1CE60032BBE2 /* Sources */ = {
			isa = PBXSourcesBuildPhase;
			buildActionMask = 2147483647;
			files = (
				250EEB891A3D1CE60032BBE2 /* ActivityViewControllerTests.swift in Sources */,
			);
			runOnlyForDeploymentPostprocessing = 0;
		};
/* End PBXSourcesBuildPhase section */

/* Begin PBXTargetDependency section */
		250EEB841A3D1CE60032BBE2 /* PBXTargetDependency */ = {
			isa = PBXTargetDependency;
			target = 250EEB6C1A3D1CE60032BBE2 /* ActivityViewController */;
			targetProxy = 250EEB831A3D1CE60032BBE2 /* PBXContainerItemProxy */;
		};
/* End PBXTargetDependency section */

/* Begin PBXVariantGroup section */
		250EEB761A3D1CE60032BBE2 /* Main.storyboard */ = {
			isa = PBXVariantGroup;
			children = (
				250EEB771A3D1CE60032BBE2 /* Base */,
			);
			name = Main.storyboard;
			sourceTree = "<group>";
		};
		250EEB7B1A3D1CE60032BBE2 /* LaunchScreen.xib */ = {
			isa = PBXVariantGroup;
			children = (
				250EEB7C1A3D1CE60032BBE2 /* Base */,
			);
			name = LaunchScreen.xib;
			sourceTree = "<group>";
		};
/* End PBXVariantGroup section */

/* Begin XCBuildConfiguration section */
		250EEB8A1A3D1CE60032BBE2 /* Debug */ = {
			isa = XCBuildConfiguration;
			buildSettings = {
				ALWAYS_SEARCH_USER_PATHS = NO;
				CLANG_CXX_LANGUAGE_STANDARD = "gnu++0x";
				CLANG_CXX_LIBRARY = "libc++";
				CLANG_ENABLE_MODULES = YES;
				CLANG_ENABLE_OBJC_ARC = YES;
				CLANG_WARN_BOOL_CONVERSION = YES;
				CLANG_WARN_CONSTANT_CONVERSION = YES;
				CLANG_WARN_DIRECT_OBJC_ISA_USAGE = YES_ERROR;
				CLANG_WARN_EMPTY_BODY = YES;
				CLANG_WARN_ENUM_CONVERSION = YES;
				CLANG_WARN_INT_CONVERSION = YES;
				CLANG_WARN_OBJC_ROOT_CLASS = YES_ERROR;
				CLANG_WARN_UNREACHABLE_CODE = YES;
				CLANG_WARN__DUPLICATE_METHOD_MATCH = YES;
				"CODE_SIGN_IDENTITY[sdk=iphoneos*]" = "iPhone Developer";
				COPY_PHASE_STRIP = NO;
				ENABLE_STRICT_OBJC_MSGSEND = YES;
				GCC_C_LANGUAGE_STANDARD = gnu99;
				GCC_DYNAMIC_NO_PIC = NO;
				GCC_OPTIMIZATION_LEVEL = 0;
				GCC_PREPROCESSOR_DEFINITIONS = (
					"DEBUG=1",
					"$(inherited)",
				);
				GCC_SYMBOLS_PRIVATE_EXTERN = NO;
				GCC_WARN_64_TO_32_BIT_CONVERSION = YES;
				GCC_WARN_ABOUT_RETURN_TYPE = YES_ERROR;
				GCC_WARN_UNDECLARED_SELECTOR = YES;
				GCC_WARN_UNINITIALIZED_AUTOS = YES_AGGRESSIVE;
				GCC_WARN_UNUSED_FUNCTION = YES;
				GCC_WARN_UNUSED_VARIABLE = YES;
				IPHONEOS_DEPLOYMENT_TARGET = 8.1;
				MTL_ENABLE_DEBUG_INFO = YES;
				ONLY_ACTIVE_ARCH = YES;
				SDKROOT = iphoneos;
				SWIFT_OPTIMIZATION_LEVEL = "-Onone";
				TARGETED_DEVICE_FAMILY = "1,2";
			};
			name = Debug;
		};
		250EEB8B1A3D1CE60032BBE2 /* Release */ = {
			isa = XCBuildConfiguration;
			buildSettings = {
				ALWAYS_SEARCH_USER_PATHS = NO;
				CLANG_CXX_LANGUAGE_STANDARD = "gnu++0x";
				CLANG_CXX_LIBRARY = "libc++";
				CLANG_ENABLE_MODULES = YES;
				CLANG_ENABLE_OBJC_ARC = YES;
				CLANG_WARN_BOOL_CONVERSION = YES;
				CLANG_WARN_CONSTANT_CONVERSION = YES;
				CLANG_WARN_DIRECT_OBJC_ISA_USAGE = YES_ERROR;
				CLANG_WARN_EMPTY_BODY = YES;
				CLANG_WARN_ENUM_CONVERSION = YES;
				CLANG_WARN_INT_CONVERSION = YES;
				CLANG_WARN_OBJC_ROOT_CLASS = YES_ERROR;
				CLANG_WARN_UNREACHABLE_CODE = YES;
				CLANG_WARN__DUPLICATE_METHOD_MATCH = YES;
				"CODE_SIGN_IDENTITY[sdk=iphoneos*]" = "iPhone Developer";
				COPY_PHASE_STRIP = YES;
				ENABLE_NS_ASSERTIONS = NO;
				ENABLE_STRICT_OBJC_MSGSEND = YES;
				GCC_C_LANGUAGE_STANDARD = gnu99;
				GCC_WARN_64_TO_32_BIT_CONVERSION = YES;
				GCC_WARN_ABOUT_RETURN_TYPE = YES_ERROR;
				GCC_WARN_UNDECLARED_SELECTOR = YES;
				GCC_WARN_UNINITIALIZED_AUTOS = YES_AGGRESSIVE;
				GCC_WARN_UNUSED_FUNCTION = YES;
				GCC_WARN_UNUSED_VARIABLE = YES;
				IPHONEOS_DEPLOYMENT_TARGET = 8.1;
				MTL_ENABLE_DEBUG_INFO = NO;
				SDKROOT = iphoneos;
				TARGETED_DEVICE_FAMILY = "1,2";
				VALIDATE_PRODUCT = YES;
			};
			name = Release;
		};
		250EEB8D1A3D1CE60032BBE2 /* Debug */ = {
			isa = XCBuildConfiguration;
			buildSettings = {
				ASSETCATALOG_COMPILER_APPICON_NAME = AppIcon;
				INFOPLIST_FILE = ActivityViewController/Info.plist;
				LD_RUNPATH_SEARCH_PATHS = "$(inherited) @executable_path/Frameworks";
				PRODUCT_NAME = "$(TARGET_NAME)";
			};
			name = Debug;
		};
		250EEB8E1A3D1CE60032BBE2 /* Release */ = {
			isa = XCBuildConfiguration;
			buildSettings = {
				ASSETCATALOG_COMPILER_APPICON_NAME = AppIcon;
				INFOPLIST_FILE = ActivityViewController/Info.plist;
				LD_RUNPATH_SEARCH_PATHS = "$(inherited) @executable_path/Frameworks";
				PRODUCT_NAME = "$(TARGET_NAME)";
			};
			name = Release;
		};
		250EEB901A3D1CE60032BBE2 /* Debug */ = {
			isa = XCBuildConfiguration;
			buildSettings = {
				BUNDLE_LOADER = "$(TEST_HOST)";
				FRAMEWORK_SEARCH_PATHS = (
					"$(SDKROOT)/Developer/Library/Frameworks",
					"$(inherited)",
				);
				GCC_PREPROCESSOR_DEFINITIONS = (
					"DEBUG=1",
					"$(inherited)",
				);
				INFOPLIST_FILE = ActivityViewControllerTests/Info.plist;
				LD_RUNPATH_SEARCH_PATHS = "$(inherited) @executable_path/Frameworks @loader_path/Frameworks";
				PRODUCT_NAME = "$(TARGET_NAME)";
				TEST_HOST = "$(BUILT_PRODUCTS_DIR)/ActivityViewController.app/ActivityViewController";
			};
			name = Debug;
		};
		250EEB911A3D1CE60032BBE2 /* Release */ = {
			isa = XCBuildConfiguration;
			buildSettings = {
				BUNDLE_LOADER = "$(TEST_HOST)";
				FRAMEWORK_SEARCH_PATHS = (
					"$(SDKROOT)/Developer/Library/Frameworks",
					"$(inherited)",
				);
				INFOPLIST_FILE = ActivityViewControllerTests/Info.plist;
				LD_RUNPATH_SEARCH_PATHS = "$(inherited) @executable_path/Frameworks @loader_path/Frameworks";
				PRODUCT_NAME = "$(TARGET_NAME)";
				TEST_HOST = "$(BUILT_PRODUCTS_DIR)/ActivityViewController.app/ActivityViewController";
			};
			name = Release;
		};
/* End XCBuildConfiguration section */

/* Begin XCConfigurationList section */
		250EEB681A3D1CE50032BBE2 /* Build configuration list for PBXProject "ActivityViewController" */ = {
			isa = XCConfigurationList;
			buildConfigurations = (
				250EEB8A1A3D1CE60032BBE2 /* Debug */,
				250EEB8B1A3D1CE60032BBE2 /* Release */,
			);
			defaultConfigurationIsVisible = 0;
			defaultConfigurationName = Release;
		};
		250EEB8C1A3D1CE60032BBE2 /* Build configuration list for PBXNativeTarget "ActivityViewController" */ = {
			isa = XCConfigurationList;
			buildConfigurations = (
				250EEB8D1A3D1CE60032BBE2 /* Debug */,
				250EEB8E1A3D1CE60032BBE2 /* Release */,
			);
			defaultConfigurationIsVisible = 0;
		};
		250EEB8F1A3D1CE60032BBE2 /* Build configuration list for PBXNativeTarget "ActivityViewControllerTests" */ = {
			isa = XCConfigurationList;
			buildConfigurations = (
				250EEB901A3D1CE60032BBE2 /* Debug */,
				250EEB911A3D1CE60032BBE2 /* Release */,
			);
			defaultConfigurationIsVisible = 0;
		};
/* End XCConfigurationList section */
	};
	rootObject = 250EEB651A3D1CE50032BBE2 /* Project object */;
}
